// !$*UTF8*$!
{
	archiveVersion = 1;
	classes = {
	};
	objectVersion = 56;
	objects = {

/* Begin PBXBuildFile section */
		0000000000000000000000C8 /* SafeStepApp.swift in Sources */ = {isa = PBXBuildFile; fileRef = 000000000000000000000064 /* SafeStepApp.swift */; };
		0000000000000000000000C9 /* StartView.swift in Sources */ = {isa = PBXBuildFile; fileRef = 000000000000000000000065 /* StartView.swift */; };
		0000000000000000000000CA /* LiveDetectionView.swift in Sources */ = {isa = PBXBuildFile; fileRef = 000000000000000000000066 /* LiveDetectionView.swift */; };
		0000000000000000000000CB /* DebugPanel.swift in Sources */ = {isa = PBXBuildFile; fileRef = 000000000000000000000067 /* DebugPanel.swift */; };
		0000000000000000000000CC /* Detection/DepthProcessing.swift in Sources */ = {isa = PBXBuildFile; fileRef = 000000000000000000000068 /* Detection/DepthProcessing.swift */; };
		0000000000000000000000CD /* Models/RiskAssessment.swift in Sources */ = {isa = PBXBuildFile; fileRef = 000000000000000000000069 /* Models/RiskAssessment.swift */; };
		0000000000000000000000CE /* Services/AlertService.swift in Sources */ = {isa = PBXBuildFile; fileRef = 00000000000000000000006A /* Services/AlertService.swift */; };
		0000000000000000000000CF /* Services/WalkSession.swift in Sources */ = {isa = PBXBuildFile; fileRef = 00000000000000000000006B /* Services/WalkSession.swift */; };
/* End PBXBuildFile section */

/* Begin PBXFileReference section */
		00000000000000000000000A /* SafeStep.app */ = {isa = PBXFileReference; explicitFileType = wrapper.application; includeInIndex = 0; path = SafeStep.app; sourceTree = BUILT_PRODUCTS_DIR; };
		00000000000000000000000B /* Info.plist */ = {isa = PBXFileReference; lastKnownFileType = text.plist.xml; path = Info.plist; sourceTree = "<group>"; };
		000000000000000000000064 /* SafeStepApp.swift */ = {isa = PBXFileReference; lastKnownFileType = sourcecode.swift; path = SafeStepApp.swift; sourceTree = "<group>"; };
		000000000000000000000065 /* StartView.swift */ = {isa = PBXFileReference; lastKnownFileType = sourcecode.swift; path = StartView.swift; sourceTree = "<group>"; };
		000000000000000000000066 /* LiveDetectionView.swift */ = {isa = PBXFileReference; lastKnownFileType = sourcecode.swift; path = LiveDetectionView.swift; sourceTree = "<group>"; };
		000000000000000000000067 /* DebugPanel.swift */ = {isa = PBXFileReference; lastKnownFileType = sourcecode.swift; path = DebugPanel.swift; sourceTree = "<group>"; };
		000000000000000000000068 /* Detection/DepthProcessing.swift */ = {isa = PBXFileReference; lastKnownFileType = sourcecode.swift; path = Detection/DepthProcessing.swift; sourceTree = "<group>"; };
		000000000000000000000069 /* Models/RiskAssessment.swift */ = {isa = PBXFileReference; lastKnownFileType = sourcecode.swift; path = Models/RiskAssessment.swift; sourceTree = "<group>"; };
		00000000000000000000006A /* Services/AlertService.swift */ = {isa = PBXFileReference; lastKnownFileType = sourcecode.swift; path = Services/AlertService.swift; sourceTree = "<group>"; };
		00000000000000000000006B /* Services/WalkSession.swift */ = {isa = PBXFileReference; lastKnownFileType = sourcecode.swift; path = Services/WalkSession.swift; sourceTree = "<group>"; };
/* End PBXFileReference section */

/* Begin PBXFrameworksBuildPhase section */
		000000000000000000000006 /* Frameworks */ = {
			isa = PBXFrameworksBuildPhase;
			buildActionMask = 2147483647;
			files = (
			);
			runOnlyForDeploymentPostprocessing = 0;
		};
/* End PBXFrameworksBuildPhase section */

/* Begin PBXGroup section */
		000000000000000000000002 = {
			isa = PBXGroup;
			children = (
				000000000000000000000064 /* SafeStepApp.swift */,
				000000000000000000000065 /* StartView.swift */,
				000000000000000000000066 /* LiveDetectionView.swift */,
				000000000000000000000067 /* DebugPanel.swift */,
				000000000000000000000068 /* Detection/DepthProcessing.swift */,
				000000000000000000000069 /* Models/RiskAssessment.swift */,
				00000000000000000000006A /* Services/AlertService.swift */,
				00000000000000000000006B /* Services/WalkSession.swift */,
				00000000000000000000000B /* Info.plist */,
				000000000000000000000003 /* Products */,
			);
			sourceTree = "<group>";
		};
		000000000000000000000003 /* Products */ = {
			isa = PBXGroup;
			children = (
				00000000000000000000000A /* SafeStep.app */,
			);
			name = Products;
			sourceTree = "<group>";
		};
/* End PBXGroup section */

/* Begin PBXNativeTarget section */
		000000000000000000000004 /* SafeStep */ = {
			isa = PBXNativeTarget;
			buildConfigurationList = 000000000000000000000015 /* Build configuration list for PBXNativeTarget "SafeStep" */;
			buildPhases = (
				000000000000000000000005 /* Sources */,
				000000000000000000000006 /* Frameworks */,
				000000000000000000000007 /* Resources */,
			);
			buildRules = (
			);
			dependencies = (
			);
			name = SafeStep;
			productName = SafeStep;
			productReference = 00000000000000000000000A /* SafeStep.app */;
			productType = "com.apple.product-type.application";
		};
/* End PBXNativeTarget section */

/* Begin PBXProject section */
		000000000000000000000001 /* Project object */ = {
			isa = PBXProject;
			attributes = {
				LastSwiftUpdateCheck = 1600;
				LastUpgradeCheck = 1600;
			};
			buildConfigurationList = 000000000000000000000014 /* Build configuration list for PBXProject "SafeStep" */;
			compatibilityVersion = "Xcode 14.0";
			developmentRegion = en;
			hasScannedForEncodings = 0;
			knownRegions = (
				en,
				Base,
			);
			mainGroup = 000000000000000000000002;
			productRefGroup = 000000000000000000000003 /* Products */;
			projectDirPath = "";
			projectRoot = "";
			targets = (
				000000000000000000000004 /* SafeStep */,
			);
		};
/* End PBXProject section */

/* Begin PBXResourcesBuildPhase section */
		000000000000000000000007 /* Resources */ = {
			isa = PBXResourcesBuildPhase;
			buildActionMask = 2147483647;
			files = (
			);
			runOnlyForDeploymentPostprocessing = 0;
		};
/* End PBXResourcesBuildPhase section */

/* Begin PBXSourcesBuildPhase section */
		000000000000000000000005 /* Sources */ = {
			isa = PBXSourcesBuildPhase;
			buildActionMask = 2147483647;
			files = (
				0000000000000000000000C8 /* SafeStepApp.swift in Sources */,
				0000000000000000000000C9 /* StartView.swift in Sources */,
				0000000000000000000000CA /* LiveDetectionView.swift in Sources */,
				0000000000000000000000CB /* DebugPanel.swift in Sources */,
				0000000000000000000000CC /* Detection/DepthProcessing.swift in Sources */,
				0000000000000000000000CD /* Models/RiskAssessment.swift in Sources */,
				0000000000000000000000CE /* Services/AlertService.swift in Sources */,
				0000000000000000000000CF /* Services/WalkSession.swift in Sources */,
			);
			runOnlyForDeploymentPostprocessing = 0;
		};
/* End PBXSourcesBuildPhase section */

/* Begin XCBuildConfiguration section */
		00000000000000000000001E /* Debug */ = {
			isa = XCBuildConfiguration;
			buildSettings = {
				CLANG_ENABLE_MODULES = YES;
				IPHONEOS_DEPLOYMENT_TARGET = 17.0;
				SDKROOT = iphoneos;
				SWIFT_OPTIMIZATION_LEVEL = "-Onone";
				SWIFT_VERSION = 5.0;
			};
			name = Debug;
		};
		00000000000000000000001F /* Release */ = {
			isa = XCBuildConfiguration;
			buildSettings = {
				CLANG_ENABLE_MODULES = YES;
				IPHONEOS_DEPLOYMENT_TARGET = 17.0;
				SDKROOT = iphoneos;
				SWIFT_OPTIMIZATION_LEVEL = "-O";
				SWIFT_VERSION = 5.0;
			};
			name = Release;
		};
		000000000000000000000020 /* Debug */ = {
			isa = XCBuildConfiguration;
			buildSettings = {
				CODE_SIGN_STYLE = Automatic;
				DEVELOPMENT_TEAM = L7677W476T;
				GENERATE_INFOPLIST_FILE = NO;
				INFOPLIST_FILE = Info.plist;
				PRODUCT_BUNDLE_IDENTIFIER = SafeStep1223;
				PRODUCT_NAME = "$(TARGET_NAME)";
				SUPPORTED_PLATFORMS = "iphoneos iphonesimulator";
				SUPPORTS_MACCATALYST = NO;
				SWIFT_EMIT_LOC_STRINGS = YES;
				TARGETED_DEVICE_FAMILY = "1,2";
			};
			name = Debug;
		};
		000000000000000000000021 /* Release */ = {
			isa = XCBuildConfiguration;
			buildSettings = {
				CODE_SIGN_STYLE = Automatic;
				DEVELOPMENT_TEAM = L7677W476T;
				GENERATE_INFOPLIST_FILE = NO;
				INFOPLIST_FILE = Info.plist;
				PRODUCT_BUNDLE_IDENTIFIER = SafeStep1223;
				PRODUCT_NAME = "$(TARGET_NAME)";
				SUPPORTED_PLATFORMS = "iphoneos iphonesimulator";
				SUPPORTS_MACCATALYST = NO;
				SWIFT_EMIT_LOC_STRINGS = YES;
				TARGETED_DEVICE_FAMILY = "1,2";
			};
			name = Release;
		};
/* End XCBuildConfiguration section */

/* Begin XCConfigurationList section */
		000000000000000000000014 /* Build configuration list for PBXProject "SafeStep" */ = {
			isa = XCConfigurationList;
			buildConfigurations = (
				00000000000000000000001E /* Debug */,
				00000000000000000000001F /* Release */,
			);
			defaultConfigurationIsVisible = 0;
			defaultConfigurationName = Release;
		};
		000000000000000000000015 /* Build configuration list for PBXNativeTarget "SafeStep" */ = {
			isa = XCConfigurationList;
			buildConfigurations = (
				000000000000000000000020 /* Debug */,
				000000000000000000000021 /* Release */,
			);
			defaultConfigurationIsVisible = 0;
			defaultConfigurationName = Release;
		};
/* End XCConfigurationList section */
	};
	rootObject = 000000000000000000000001 /* Project object */;
}
